{
  "originHash" : "61e494da5133dacb6cf9c7ac42378ba6e4e7bc4024799b5756b7c53ff64aeae8",
  "pins" : [
    {
      "identity" : "specs",
      "kind" : "remoteSourceControl",
      "location" : "https://github.com/webrtc-sdk/Specs.git",
      "state" : {
        "revision" : "226c404e334739e32a3e1c88e3c78e3468267025",
        "version" : "125.6422.9"
      }
    }
  ],
  "version" : 3
}
